{
  "name": "backend",
  "version": "1.0.0",
  "lockfileVersion": 2,
  "requires": true,
  "packages": {
    "": {
      "name": "backend",
      "version": "1.0.0",
      "license": "ISC",
      "dependencies": {
        "ioredis": "^5.0.4",
        "lodash": "^4.17.21",
        "msgpackr": "^1.5.7",
        "uWebSockets.js": "https://github.com/uNetworking/uWebSockets.js/archive/refs/tags/v20.8.0.tar.gz"
      }
    },
    "node_modules/@ioredis/commands": {
      "version": "1.1.1",
      "resolved": "https://registry.npmjs.org/@ioredis/commands/-/commands-1.1.1.tgz",
      "integrity": "sha512-fsR4P/ROllzf/7lXYyElUJCheWdTJVJvOTps8v9IWKFATxR61ANOlnoPqhH099xYLrJGpc2ZQ28B3rMeUt5VQg=="
    },
    "node_modules/cluster-key-slot": {
      "version": "1.1.0",
      "resolved": "https://registry.npmjs.org/cluster-key-slot/-/cluster-key-slot-1.1.0.tgz",
      "integrity": "sha512-2Nii8p3RwAPiFwsnZvukotvow2rIHM+yQ6ZcBXGHdniadkYGZYiGmkHJIbZPIV9nfv7m/U1IPMVVcAhoWFeklw==",
      "engines": {
        "node": ">=0.10.0"
      }
    },
    "node_modules/debug": {
      "version": "4.3.4",
      "resolved": "https://registry.npmjs.org/debug/-/debug-4.3.4.tgz",
      "integrity": "sha512-PRWFHuSU3eDtQJPvnNY7Jcket1j0t5OuOsFzPPzsekD52Zl8qUfFIPEiswXqIvHWGVHOgX+7G/vCNNhehwxfkQ==",
      "dependencies": {
        "ms": "2.1.2"
      },
      "engines": {
        "node": ">=6.0"
      },
      "peerDependenciesMeta": {
        "supports-color": {
          "optional": true
        }
      }
    },
    "node_modules/denque": {
      "version": "2.0.1",
      "resolved": "https://registry.npmjs.org/denque/-/denque-2.0.1.tgz",
      "integrity": "sha512-tfiWc6BQLXNLpNiR5iGd0Ocu3P3VpxfzFiqubLgMfhfOw9WyvgJBd46CClNn9k3qfbjvT//0cf7AlYRX/OslMQ==",
      "engines": {
        "node": ">=0.10"
      }
    },
    "node_modules/ioredis": {
      "version": "5.0.4",
      "resolved": "https://registry.npmjs.org/ioredis/-/ioredis-5.0.4.tgz",
      "integrity": "sha512-qFJw3MnPNsJF1lcIOP3vztbsasOXK3nDdNAgjQj7t7/Bn/w10PGchTOpqylQNxjzPbLoYDu34LjeJtSWiKBntQ==",
      "dependencies": {
        "@ioredis/commands": "^1.1.1",
        "cluster-key-slot": "^1.1.0",
        "debug": "^4.3.4",
        "denque": "^2.0.1",
        "lodash.defaults": "^4.2.0",
        "lodash.isarguments": "^3.1.0",
        "redis-errors": "^1.2.0",
        "redis-parser": "^3.0.0",
        "standard-as-callback": "^2.1.0"
      },
      "engines": {
        "node": ">=12.22.0"
      },
      "funding": {
        "type": "opencollective",
        "url": "https://opencollective.com/ioredis"
      }
    },
    "node_modules/lodash": {
      "version": "4.17.21",
      "resolved": "https://registry.npmjs.org/lodash/-/lodash-4.17.21.tgz",
      "integrity": "sha512-v2kDEe57lecTulaDIuNTPy3Ry4gLGJ6Z1O3vE1krgXZNrsQ+LFTGHVxVjcXPs17LhbZVGedAJv8XZ1tvj5FvSg=="
    },
    "node_modules/lodash.defaults": {
      "version": "4.2.0",
      "resolved": "https://registry.npmjs.org/lodash.defaults/-/lodash.defaults-4.2.0.tgz",
      "integrity": "sha1-0JF4cW/+pN3p5ft7N/bwgCJ0WAw="
    },
    "node_modules/lodash.isarguments": {
      "version": "3.1.0",
      "resolved": "https://registry.npmjs.org/lodash.isarguments/-/lodash.isarguments-3.1.0.tgz",
      "integrity": "sha1-L1c9hcaiQon/AGY7SRwdM4/zRYo="
    },
    "node_modules/ms": {
      "version": "2.1.2",
      "resolved": "https://registry.npmjs.org/ms/-/ms-2.1.2.tgz",
      "integrity": "sha512-sGkPx+VjMtmA6MX27oA4FBFELFCZZ4S4XqeGOXCv68tT+jb3vk/RyaKWP0PTKyWtmLSM0b+adUTEvbs1PEaH2w=="
    },
    "node_modules/msgpackr": {
      "version": "1.5.7",
      "resolved": "https://registry.npmjs.org/msgpackr/-/msgpackr-1.5.7.tgz",
      "integrity": "sha512-Hsa80i8W4BiObSMHslfnwC+CC1CYHZzoXJZn0+3EvoCEOgt3c5QlXhdcjgFk2aZxMgpV8aUFZqJyQUCIp4UrzA==",
      "optionalDependencies": {
        "msgpackr-extract": "^1.1.4"
      }
    },
    "node_modules/msgpackr-extract": {
      "version": "1.1.4",
      "resolved": "https://registry.npmjs.org/msgpackr-extract/-/msgpackr-extract-1.1.4.tgz",
      "integrity": "sha512-WQbHvsThprXh+EqZYy+SQFEs7z6bNM7a0vgirwUfwUcphWGT2mdPcpyLCNiRsN6w5q5VKJUMblHY+tNEyceb9Q==",
      "hasInstallScript": true,
      "optional": true,
      "dependencies": {
        "node-gyp-build-optional-packages": "^4.3.2"
      },
      "optionalDependencies": {
        "msgpackr-extract-darwin-arm64": "1.1.0",
        "msgpackr-extract-darwin-x64": "1.1.0",
        "msgpackr-extract-linux-arm": "1.1.0",
        "msgpackr-extract-linux-arm64": "1.1.0",
        "msgpackr-extract-linux-x64": "1.1.0",
        "msgpackr-extract-win32-x64": "1.1.0"
      }
    },
    "node_modules/msgpackr-extract-darwin-arm64": {
      "version": "1.1.0",
      "resolved": "https://registry.npmjs.org/msgpackr-extract-darwin-arm64/-/msgpackr-extract-darwin-arm64-1.1.0.tgz",
      "integrity": "sha512-s1kHoT12tS2cCQOv+Wl3I+/cYNJXBPtwQqGA+dPYoXmchhXiE0Nso+BIfvQ5PxbmAyjj54Q5o7PnLTqVquNfZA==",
      "cpu": [
        "arm64"
      ],
      "optional": true,
      "os": [
        "darwin"
      ]
    },
    "node_modules/msgpackr-extract-darwin-x64": {
      "version": "1.1.0",
      "resolved": "https://registry.npmjs.org/msgpackr-extract-darwin-x64/-/msgpackr-extract-darwin-x64-1.1.0.tgz",
      "integrity": "sha512-yx/H/i12IKg4eWGu/eKdKzJD4jaYvvujQSaVmeOMCesbSQnWo5X6YR9TFjoiNoU9Aexk1KufzL9gW+1DozG1yw==",
      "cpu": [
        "x64"
      ],
      "optional": true,
      "os": [
        "darwin"
      ]
    },
    "node_modules/msgpackr-extract-linux-arm": {
      "version": "1.1.0",
      "resolved": "https://registry.npmjs.org/msgpackr-extract-linux-arm/-/msgpackr-extract-linux-arm-1.1.0.tgz",
      "integrity": "sha512-0VvSCqi12xpavxl14gMrauwIzHqHbmSChUijy/uo3mpjB1Pk4vlisKpZsaOZvNJyNKj0ACi5jYtbWnnOd7hYGw==",
      "cpu": [
        "arm"
      ],
      "optional": true,
      "os": [
        "linux"
      ]
    },
    "node_modules/msgpackr-extract-linux-arm64": {
      "version": "1.1.0",
      "resolved": "https://registry.npmjs.org/msgpackr-extract-linux-arm64/-/msgpackr-extract-linux-arm64-1.1.0.tgz",
      "integrity": "sha512-AxFle3fHNwz2V4CYDIGFxI6o/ZuI0lBKg0uHI8EcCMUmDE5mVAUWYge5WXmORVvb8sVWyVgFlmi3MTu4Ve6tNQ==",
      "cpu": [
        "arm64"
      ],
      "optional": true,
      "os": [
        "linux"
      ]
    },
    "node_modules/msgpackr-extract-linux-x64": {
      "version": "1.1.0",
      "resolved": "https://registry.npmjs.org/msgpackr-extract-linux-x64/-/msgpackr-extract-linux-x64-1.1.0.tgz",
      "integrity": "sha512-O+XoyNFWpdB8oQL6O/YyzffPpmG5rTNrr1nKLW70HD2ENJUhcITzbV7eZimHPzkn8LAGls1tBaMTHQezTBpFOw==",
      "cpu": [
        "x64"
      ],
      "optional": true,
      "os": [
        "linux"
      ]
    },
    "node_modules/msgpackr-extract-win32-x64": {
      "version": "1.1.0",
      "resolved": "https://registry.npmjs.org/msgpackr-extract-win32-x64/-/msgpackr-extract-win32-x64-1.1.0.tgz",
      "integrity": "sha512-6AJdM5rNsL4yrskRfhujVSPEd6IBpgvsnIT/TPowKNLQ62iIdryizPY2PJNFiW3AJcY249AHEiDBXS1cTDPxzA==",
      "cpu": [
        "x64"
      ],
      "optional": true,
      "os": [
        "win32"
      ]
    },
    "node_modules/node-gyp-build-optional-packages": {
      "version": "4.3.2",
      "resolved": "https://registry.npmjs.org/node-gyp-build-optional-packages/-/node-gyp-build-optional-packages-4.3.2.tgz",
      "integrity": "sha512-P5Ep3ISdmwcCkZIaBaQamQtWAG0facC89phWZgi5Z3hBU//J6S48OIvyZWSPPf6yQMklLZiqoosWAZUj7N+esA==",
      "optional": true,
      "bin": {
        "node-gyp-build-optional": "optional.js",
        "node-gyp-build-optional-packages": "bin.js",
        "node-gyp-build-test": "build-test.js"
      }
    },
    "node_modules/redis-errors": {
      "version": "1.2.0",
      "resolved": "https://registry.npmjs.org/redis-errors/-/redis-errors-1.2.0.tgz",
      "integrity": "sha1-62LSrbFeTq9GEMBK/hUpOEJQq60=",
      "engines": {
        "node": ">=4"
      }
    },
    "node_modules/redis-parser": {
      "version": "3.0.0",
      "resolved": "https://registry.npmjs.org/redis-parser/-/redis-parser-3.0.0.tgz",
      "integrity": "sha1-tm2CjNyv5rS4pCin3vTGvKwxyLQ=",
      "dependencies": {
        "redis-errors": "^1.0.0"
      },
      "engines": {
        "node": ">=4"
      }
    },
    "node_modules/standard-as-callback": {
      "version": "2.1.0",
      "resolved": "https://registry.npmjs.org/standard-as-callback/-/standard-as-callback-2.1.0.tgz",
      "integrity": "sha512-qoRRSyROncaz1z0mvYqIE4lCd9p2R90i6GxW3uZv5ucSu8tU7B5HXUP1gG8pVZsYNVaXjk8ClXHPttLyxAL48A=="
    },
    "node_modules/uWebSockets.js": {
      "version": "20.8.0",
      "resolved": "https://github.com/uNetworking/uWebSockets.js/archive/refs/tags/v20.8.0.tar.gz",
      "integrity": "sha512-ayKwViAjluE13/Kbfu04LZv4lWFK9GmeoGBok8HjyqH6SHles9hRjfdO4/lTlnI3qAaVheLfp9ATAAlrqJUzNg=="
    }
  },
  "dependencies": {
    "@ioredis/commands": {
      "version": "1.1.1",
      "resolved": "https://registry.npmjs.org/@ioredis/commands/-/commands-1.1.1.tgz",
      "integrity": "sha512-fsR4P/ROllzf/7lXYyElUJCheWdTJVJvOTps8v9IWKFATxR61ANOlnoPqhH099xYLrJGpc2ZQ28B3rMeUt5VQg=="
    },
    "cluster-key-slot": {
      "version": "1.1.0",
      "resolved": "https://registry.npmjs.org/cluster-key-slot/-/cluster-key-slot-1.1.0.tgz",
      "integrity": "sha512-2Nii8p3RwAPiFwsnZvukotvow2rIHM+yQ6ZcBXGHdniadkYGZYiGmkHJIbZPIV9nfv7m/U1IPMVVcAhoWFeklw=="
    },
    "debug": {
      "version": "4.3.4",
      "resolved": "https://registry.npmjs.org/debug/-/debug-4.3.4.tgz",
      "integrity": "sha512-PRWFHuSU3eDtQJPvnNY7Jcket1j0t5OuOsFzPPzsekD52Zl8qUfFIPEiswXqIvHWGVHOgX+7G/vCNNhehwxfkQ==",
      "requires": {
        "ms": "2.1.2"
      }
    },
    "denque": {
      "version": "2.0.1",
      "resolved": "https://registry.npmjs.org/denque/-/denque-2.0.1.tgz",
      "integrity": "sha512-tfiWc6BQLXNLpNiR5iGd0Ocu3P3VpxfzFiqubLgMfhfOw9WyvgJBd46CClNn9k3qfbjvT//0cf7AlYRX/OslMQ=="
    },
    "ioredis": {
      "version": "5.0.4",
      "resolved": "https://registry.npmjs.org/ioredis/-/ioredis-5.0.4.tgz",
      "integrity": "sha512-qFJw3MnPNsJF1lcIOP3vztbsasOXK3nDdNAgjQj7t7/Bn/w10PGchTOpqylQNxjzPbLoYDu34LjeJtSWiKBntQ==",
      "requires": {
        "@ioredis/commands": "^1.1.1",
        "cluster-key-slot": "^1.1.0",
        "debug": "^4.3.4",
        "denque": "^2.0.1",
        "lodash.defaults": "^4.2.0",
        "lodash.isarguments": "^3.1.0",
        "redis-errors": "^1.2.0",
        "redis-parser": "^3.0.0",
        "standard-as-callback": "^2.1.0"
      }
    },
    "lodash": {
      "version": "4.17.21",
      "resolved": "https://registry.npmjs.org/lodash/-/lodash-4.17.21.tgz",
      "integrity": "sha512-v2kDEe57lecTulaDIuNTPy3Ry4gLGJ6Z1O3vE1krgXZNrsQ+LFTGHVxVjcXPs17LhbZVGedAJv8XZ1tvj5FvSg=="
    },
    "lodash.defaults": {
      "version": "4.2.0",
      "resolved": "https://registry.npmjs.org/lodash.defaults/-/lodash.defaults-4.2.0.tgz",
      "integrity": "sha1-0JF4cW/+pN3p5ft7N/bwgCJ0WAw="
    },
    "lodash.isarguments": {
      "version": "3.1.0",
      "resolved": "https://registry.npmjs.org/lodash.isarguments/-/lodash.isarguments-3.1.0.tgz",
      "integrity": "sha1-L1c9hcaiQon/AGY7SRwdM4/zRYo="
    },
    "ms": {
      "version": "2.1.2",
      "resolved": "https://registry.npmjs.org/ms/-/ms-2.1.2.tgz",
      "integrity": "sha512-sGkPx+VjMtmA6MX27oA4FBFELFCZZ4S4XqeGOXCv68tT+jb3vk/RyaKWP0PTKyWtmLSM0b+adUTEvbs1PEaH2w=="
    },
    "msgpackr": {
      "version": "1.5.7",
      "resolved": "https://registry.npmjs.org/msgpackr/-/msgpackr-1.5.7.tgz",
      "integrity": "sha512-Hsa80i8W4BiObSMHslfnwC+CC1CYHZzoXJZn0+3EvoCEOgt3c5QlXhdcjgFk2aZxMgpV8aUFZqJyQUCIp4UrzA==",
      "requires": {
        "msgpackr-extract": "^1.1.4"
      }
    },
    "msgpackr-extract": {
      "version": "1.1.4",
      "resolved": "https://registry.npmjs.org/msgpackr-extract/-/msgpackr-extract-1.1.4.tgz",
      "integrity": "sha512-WQbHvsThprXh+EqZYy+SQFEs7z6bNM7a0vgirwUfwUcphWGT2mdPcpyLCNiRsN6w5q5VKJUMblHY+tNEyceb9Q==",
      "optional": true,
      "requires": {
        "msgpackr-extract-darwin-arm64": "1.1.0",
        "msgpackr-extract-darwin-x64": "1.1.0",
        "msgpackr-extract-linux-arm": "1.1.0",
        "msgpackr-extract-linux-arm64": "1.1.0",
        "msgpackr-extract-linux-x64": "1.1.0",
        "msgpackr-extract-win32-x64": "1.1.0",
        "node-gyp-build-optional-packages": "^4.3.2"
      }
    },
    "msgpackr-extract-darwin-arm64": {
      "version": "1.1.0",
      "resolved": "https://registry.npmjs.org/msgpackr-extract-darwin-arm64/-/msgpackr-extract-darwin-arm64-1.1.0.tgz",
      "integrity": "sha512-s1kHoT12tS2cCQOv+Wl3I+/cYNJXBPtwQqGA+dPYoXmchhXiE0Nso+BIfvQ5PxbmAyjj54Q5o7PnLTqVquNfZA==",
      "optional": true
    },
    "msgpackr-extract-darwin-x64": {
      "version": "1.1.0",
      "resolved": "https://registry.npmjs.org/msgpackr-extract-darwin-x64/-/msgpackr-extract-darwin-x64-1.1.0.tgz",
      "integrity": "sha512-yx/H/i12IKg4eWGu/eKdKzJD4jaYvvujQSaVmeOMCesbSQnWo5X6YR9TFjoiNoU9Aexk1KufzL9gW+1DozG1yw==",
      "optional": true
    },
    "msgpackr-extract-linux-arm": {
      "version": "1.1.0",
      "resolved": "https://registry.npmjs.org/msgpackr-extract-linux-arm/-/msgpackr-extract-linux-arm-1.1.0.tgz",
      "integrity": "sha512-0VvSCqi12xpavxl14gMrauwIzHqHbmSChUijy/uo3mpjB1Pk4vlisKpZsaOZvNJyNKj0ACi5jYtbWnnOd7hYGw==",
      "optional": true
    },
    "msgpackr-extract-linux-arm64": {
      "version": "1.1.0",
      "resolved": "https://registry.npmjs.org/msgpackr-extract-linux-arm64/-/msgpackr-extract-linux-arm64-1.1.0.tgz",
      "integrity": "sha512-AxFle3fHNwz2V4CYDIGFxI6o/ZuI0lBKg0uHI8EcCMUmDE5mVAUWYge5WXmORVvb8sVWyVgFlmi3MTu4Ve6tNQ==",
      "optional": true
    },
    "msgpackr-extract-linux-x64": {
      "version": "1.1.0",
      "resolved": "https://registry.npmjs.org/msgpackr-extract-linux-x64/-/msgpackr-extract-linux-x64-1.1.0.tgz",
      "integrity": "sha512-O+XoyNFWpdB8oQL6O/YyzffPpmG5rTNrr1nKLW70HD2ENJUhcITzbV7eZimHPzkn8LAGls1tBaMTHQezTBpFOw==",
      "optional": true
    },
    "msgpackr-extract-win32-x64": {
      "version": "1.1.0",
      "resolved": "https://registry.npmjs.org/msgpackr-extract-win32-x64/-/msgpackr-extract-win32-x64-1.1.0.tgz",
      "integrity": "sha512-6AJdM5rNsL4yrskRfhujVSPEd6IBpgvsnIT/TPowKNLQ62iIdryizPY2PJNFiW3AJcY249AHEiDBXS1cTDPxzA==",
      "optional": true
    },
    "node-gyp-build-optional-packages": {
      "version": "4.3.2",
      "resolved": "https://registry.npmjs.org/node-gyp-build-optional-packages/-/node-gyp-build-optional-packages-4.3.2.tgz",
      "integrity": "sha512-P5Ep3ISdmwcCkZIaBaQamQtWAG0facC89phWZgi5Z3hBU//J6S48OIvyZWSPPf6yQMklLZiqoosWAZUj7N+esA==",
      "optional": true
    },
    "redis-errors": {
      "version": "1.2.0",
      "resolved": "https://registry.npmjs.org/redis-errors/-/redis-errors-1.2.0.tgz",
      "integrity": "sha1-62LSrbFeTq9GEMBK/hUpOEJQq60="
    },
    "redis-parser": {
      "version": "3.0.0",
      "resolved": "https://registry.npmjs.org/redis-parser/-/redis-parser-3.0.0.tgz",
      "integrity": "sha1-tm2CjNyv5rS4pCin3vTGvKwxyLQ=",
      "requires": {
        "redis-errors": "^1.0.0"
      }
    },
    "standard-as-callback": {
      "version": "2.1.0",
      "resolved": "https://registry.npmjs.org/standard-as-callback/-/standard-as-callback-2.1.0.tgz",
      "integrity": "sha512-qoRRSyROncaz1z0mvYqIE4lCd9p2R90i6GxW3uZv5ucSu8tU7B5HXUP1gG8pVZsYNVaXjk8ClXHPttLyxAL48A=="
    },
    "uWebSockets.js": {
      "version": "https://github.com/uNetworking/uWebSockets.js/archive/refs/tags/v20.8.0.tar.gz",
      "integrity": "sha512-ayKwViAjluE13/Kbfu04LZv4lWFK9GmeoGBok8HjyqH6SHles9hRjfdO4/lTlnI3qAaVheLfp9ATAAlrqJUzNg=="
    }
  }
}
